
Microsoft Visual Studio Solution File, Format Version 12.00
# Visual Studio 15
VisualStudioVersion = 15.0.27130.0
MinimumVisualStudioVersion = 10.0.40219.1
Project("{FAE04EC0-301F-11D3-BF4B-00C04F79EFBC}") = "IDM3U_TRIM", "ID Maker 3 Utilities\IDM3U_TRIM.csproj", "{8D9E5395-7D38-4659-A82A-A65DBB5F8695}"
EndProject
Global
	GlobalSection(SolutionConfigurationPlatforms) = preSolution
		Debug|Any CPU = Debug|Any CPU
		Release|Any CPU = Release|Any CPU
	EndGlobalSection
	GlobalSection(ProjectConfigurationPlatforms) = postSolution
		{8D9E5395-7D38-4659-A82A-A65DBB5F8695}.Debug|Any CPU.ActiveCfg = Debug|Any CPU
		{8D9E5395-7D38-4659-A82A-A65DBB5F8695}.Debug|Any CPU.Build.0 = Debug|Any CPU
		{8D9E5395-7D38-4659-A82A-A65DBB5F8695}.Release|Any CPU.ActiveCfg = Release|Any CPU
		{8D9E5395-7D38-4659-A82A-A65DBB5F8695}.Release|Any CPU.Build.0 = Release|Any CPU
	EndGlobalSection
	GlobalSection(SolutionProperties) = preSolution
		HideSolutionNode = FALSE
	EndGlobalSection
	GlobalSection(ExtensibilityGlobals) = postSolution
		SolutionGuid = {5BAB3028-56AB-4BE9-9FD7-E85B54847BD5}
	EndGlobalSection
EndGlobal
